
Microsoft Visual Studio Solution File, Format Version 12.00
# Visual Studio Version 16
VisualStudioVersion = 16.0.29728.190
MinimumVisualStudioVersion = 10.0.40219.1
Project("{FAE04EC0-301F-11D3-BF4B-00C04F79EFBC}") = "GitTest", "GitTest\GitTest.csproj", "{1B8A0C2A-248E-4BDD-A138-915D029A4FAF}"
EndProject
Project("{FAE04EC0-301F-11D3-BF4B-00C04F79EFBC}") = "ClassLibrary1", "ClassLibrary1\ClassLibrary1.csproj", "{1A31FB32-AA62-4EF7-A8DB-515FCF4ADFF9}"
EndProject
Project("{FAE04EC0-301F-11D3-BF4B-00C04F79EFBC}") = "ClassLibrary2", "ClassLibrary2\ClassLibrary2.csproj", "{0DECE839-32FB-4F89-A659-A92DDC6076A1}"
EndProject
Global
	GlobalSection(SolutionConfigurationPlatforms) = preSolution
		Debug|Any CPU = Debug|Any CPU
		Release|Any CPU = Release|Any CPU
	EndGlobalSection
	GlobalSection(ProjectConfigurationPlatforms) = postSolution
		{1B8A0C2A-248E-4BDD-A138-915D029A4FAF}.Debug|Any CPU.ActiveCfg = Debug|Any CPU
		{1B8A0C2A-248E-4BDD-A138-915D029A4FAF}.Debug|Any CPU.Build.0 = Debug|Any CPU
		{1B8A0C2A-248E-4BDD-A138-915D029A4FAF}.Release|Any CPU.ActiveCfg = Release|Any CPU
		{1B8A0C2A-248E-4BDD-A138-915D029A4FAF}.Release|Any CPU.Build.0 = Release|Any CPU
		{1A31FB32-AA62-4EF7-A8DB-515FCF4ADFF9}.Debug|Any CPU.ActiveCfg = Debug|Any CPU
		{1A31FB32-AA62-4EF7-A8DB-515FCF4ADFF9}.Debug|Any CPU.Build.0 = Debug|Any CPU
		{1A31FB32-AA62-4EF7-A8DB-515FCF4ADFF9}.Release|Any CPU.ActiveCfg = Release|Any CPU
		{1A31FB32-AA62-4EF7-A8DB-515FCF4ADFF9}.Release|Any CPU.Build.0 = Release|Any CPU
		{0DECE839-32FB-4F89-A659-A92DDC6076A1}.Debug|Any CPU.ActiveCfg = Debug|Any CPU
		{0DECE839-32FB-4F89-A659-A92DDC6076A1}.Debug|Any CPU.Build.0 = Debug|Any CPU
		{0DECE839-32FB-4F89-A659-A92DDC6076A1}.Release|Any CPU.ActiveCfg = Release|Any CPU
		{0DECE839-32FB-4F89-A659-A92DDC6076A1}.Release|Any CPU.Build.0 = Release|Any CPU
	EndGlobalSection
	GlobalSection(SolutionProperties) = preSolution
		HideSolutionNode = FALSE
	EndGlobalSection
	GlobalSection(ExtensibilityGlobals) = postSolution
		SolutionGuid = {F2BF985C-C193-459D-A2C9-6C23DBBF3CEC}
	EndGlobalSection
EndGlobal
